
Microsoft Visual Studio Solution File, Format Version 12.00
# Visual Studio 15
VisualStudioVersion = 15.0.28307.572
MinimumVisualStudioVersion = 10.0.40219.1
Project("{FAE04EC0-301F-11D3-BF4B-00C04F79EFBC}") = "shoppingstore", "shoppingstore.csproj", "{4824BD1B-ED4F-49C4-A658-12EBA4D7F49C}"
EndProject
Global
	GlobalSection(SolutionConfigurationPlatforms) = preSolution
		Debug|Any CPU = Debug|Any CPU
		Release|Any CPU = Release|Any CPU
	EndGlobalSection
	GlobalSection(ProjectConfigurationPlatforms) = postSolution
		{4824BD1B-ED4F-49C4-A658-12EBA4D7F49C}.Debug|Any CPU.ActiveCfg = Debug|Any CPU
		{4824BD1B-ED4F-49C4-A658-12EBA4D7F49C}.Debug|Any CPU.Build.0 = Debug|Any CPU
		{4824BD1B-ED4F-49C4-A658-12EBA4D7F49C}.Release|Any CPU.ActiveCfg = Release|Any CPU
		{4824BD1B-ED4F-49C4-A658-12EBA4D7F49C}.Release|Any CPU.Build.0 = Release|Any CPU
	EndGlobalSection
	GlobalSection(SolutionProperties) = preSolution
		HideSolutionNode = FALSE
	EndGlobalSection
	GlobalSection(ExtensibilityGlobals) = postSolution
		SolutionGuid = {E1D2FC8C-D1A3-4F49-B1DD-1D3530A66BF3}
	EndGlobalSection
EndGlobal
