
Microsoft Visual Studio Solution File, Format Version 12.00
# Visual Studio 15
VisualStudioVersion = 15.0.28307.106
MinimumVisualStudioVersion = 10.0.40219.1
Project("{FAE04EC0-301F-11D3-BF4B-00C04F79EFBC}") = "WEB", "WEB\WEB.csproj", "{50D90F62-6C1A-4A01-894C-24B9712FA418}"
EndProject
Project("{FAE04EC0-301F-11D3-BF4B-00C04F79EFBC}") = "WEB1", "WEB1\WEB1.csproj", "{8F091877-C78E-4F93-9A34-86987E2ABC0D}"
EndProject
Global
	GlobalSection(SolutionConfigurationPlatforms) = preSolution
		Debug|Any CPU = Debug|Any CPU
		Release|Any CPU = Release|Any CPU
	EndGlobalSection
	GlobalSection(ProjectConfigurationPlatforms) = postSolution
		{50D90F62-6C1A-4A01-894C-24B9712FA418}.Debug|Any CPU.ActiveCfg = Debug|Any CPU
		{50D90F62-6C1A-4A01-894C-24B9712FA418}.Debug|Any CPU.Build.0 = Debug|Any CPU
		{50D90F62-6C1A-4A01-894C-24B9712FA418}.Release|Any CPU.ActiveCfg = Release|Any CPU
		{50D90F62-6C1A-4A01-894C-24B9712FA418}.Release|Any CPU.Build.0 = Release|Any CPU
		{8F091877-C78E-4F93-9A34-86987E2ABC0D}.Debug|Any CPU.ActiveCfg = Debug|Any CPU
		{8F091877-C78E-4F93-9A34-86987E2ABC0D}.Debug|Any CPU.Build.0 = Debug|Any CPU
		{8F091877-C78E-4F93-9A34-86987E2ABC0D}.Release|Any CPU.ActiveCfg = Release|Any CPU
		{8F091877-C78E-4F93-9A34-86987E2ABC0D}.Release|Any CPU.Build.0 = Release|Any CPU
	EndGlobalSection
	GlobalSection(SolutionProperties) = preSolution
		HideSolutionNode = FALSE
	EndGlobalSection
	GlobalSection(ExtensibilityGlobals) = postSolution
		SolutionGuid = {52F7BAD8-7178-4C69-BEAF-E0F3262EFB26}
	EndGlobalSection
EndGlobal
